{
  "name": "speakup-wechat",
  "version": "1.0.0",
  "lockfileVersion": 3,
  "requires": true,
  "packages": {
    "": {
      "name": "speakup-wechat",
      "version": "1.0.0",
      "license": "ISC",
      "devDependencies": {
        "miniprogram-api-typings": "^5.0.0",
        "typescript": "^5.9.3"
      }
    },
    "node_modules/miniprogram-api-typings": {
      "version": "5.0.0",
      "resolved": "https://registry.npmmirror.com/miniprogram-api-typings/-/miniprogram-api-typings-5.0.0.tgz",
      "integrity": "sha512-KQ1ZDk0cK3JrAaZtlFNlC/De/HwqhtToPZTzIYvFzi4FaW0Z8raIBN/qpjZ5QMiBaBNl/hJwTWwD+tfp8BwCZw==",
      "dev": true
    },
    "node_modules/typescript": {
      "version": "5.9.3",
      "resolved": "https://registry.npmmirror.com/typescript/-/typescript-5.9.3.tgz",
      "integrity": "sha512-jl1vZzPDinLr9eUt3J/t7V6FgNEw9QjvBPdysz9KfQDD41fQrC2Y4vKQdiaUpFT4bXlb1RHhLpp8wtm6M5TgSw==",
      "dev": true,
      "bin": {
        "tsc": "bin/tsc",
        "tsserver": "bin/tsserver"
      },
      "engines": {
        "node": ">=14.17"
      }
    }
  }
}
